// !$*UTF8*$!
{
	archiveVersion = 1;
	classes = {
	};
	objectVersion = 50;
	objects = {

/* Begin PBXBuildFile section */
		41A5D83520E486BA001F81E9 /* AppDelegate.swift in Sources */ = {isa = PBXBuildFile; fileRef = 41A5D83420E486BA001F81E9 /* AppDelegate.swift */; };
		41A5D83720E486BA001F81E9 /* ViewController.swift in Sources */ = {isa = PBXBuildFile; fileRef = 41A5D83620E486BA001F81E9 /* ViewController.swift */; };
		41A5D83C20E486BB001F81E9 /* Assets.xcassets in Resources */ = {isa = PBXBuildFile; fileRef = 41A5D83B20E486BB001F81E9 /* Assets.xcassets */; };
		41A5D83F20E486BB001F81E9 /* LaunchScreen.storyboard in Resources */ = {isa = PBXBuildFile; fileRef = 41A5D83D20E486BB001F81E9 /* LaunchScreen.storyboard */; };
		41A5D84A20E486BB001F81E9 /* IAP_TESTTests.swift in Sources */ = {isa = PBXBuildFile; fileRef = 41A5D84920E486BB001F81E9 /* IAP_TESTTests.swift */; };
		41A5D85520E486BB001F81E9 /* IAP_TESTUITests.swift in Sources */ = {isa = PBXBuildFile; fileRef = 41A5D85420E486BB001F81E9 /* IAP_TESTUITests.swift */; };
		41A5D86420E487F9001F81E9 /* Main.storyboard in Resources */ = {isa = PBXBuildFile; fileRef = 41A5D86220E487F9001F81E9 /* Main.storyboard */; };
		41A5D86E20E4889E001F81E9 /* DetailViewController.swift in Sources */ = {isa = PBXBuildFile; fileRef = 41A5D86D20E4889D001F81E9 /* DetailViewController.swift */; };
		41A5D87120E49B05001F81E9 /* IAPHelper.swift in Sources */ = {isa = PBXBuildFile; fileRef = 41A5D86F20E49B05001F81E9 /* IAPHelper.swift */; };
		41A5D87220E49B05001F81E9 /* MasterViewController.swift in Sources */ = {isa = PBXBuildFile; fileRef = 41A5D87020E49B05001F81E9 /* MasterViewController.swift */; };
		41A5D87420E49B16001F81E9 /* ProductCell.swift in Sources */ = {isa = PBXBuildFile; fileRef = 41A5D87320E49B16001F81E9 /* ProductCell.swift */; };
		41A5D87620E49B25001F81E9 /* Products.swift in Sources */ = {isa = PBXBuildFile; fileRef = 41A5D87520E49B25001F81E9 /* Products.swift */; };
		41A5D87920E49D34001F81E9 /* StoreKit.framework in Frameworks */ = {isa = PBXBuildFile; fileRef = 41A5D87820E49D34001F81E9 /* StoreKit.framework */; };
/* End PBXBuildFile section */

/* Begin PBXContainerItemProxy section */
		41A5D84620E486BB001F81E9 /* PBXContainerItemProxy */ = {
			isa = PBXContainerItemProxy;
			containerPortal = 41A5D82920E486BA001F81E9 /* Project object */;
			proxyType = 1;
			remoteGlobalIDString = 41A5D83020E486BA001F81E9;
			remoteInfo = IAP_TEST;
		};
		41A5D85120E486BB001F81E9 /* PBXContainerItemProxy */ = {
			isa = PBXContainerItemProxy;
			containerPortal = 41A5D82920E486BA001F81E9 /* Project object */;
			proxyType = 1;
			remoteGlobalIDString = 41A5D83020E486BA001F81E9;
			remoteInfo = IAP_TEST;
		};
/* End PBXContainerItemProxy section */

/* Begin PBXFileReference section */
		41A5D83120E486BA001F81E9 /* IAP_TEST.app */ = {isa = PBXFileReference; explicitFileType = wrapper.application; includeInIndex = 0; path = IAP_TEST.app; sourceTree = BUILT_PRODUCTS_DIR; };
		41A5D83420E486BA001F81E9 /* AppDelegate.swift */ = {isa = PBXFileReference; lastKnownFileType = sourcecode.swift; path = AppDelegate.swift; sourceTree = "<group>"; };
		41A5D83620E486BA001F81E9 /* ViewController.swift */ = {isa = PBXFileReference; lastKnownFileType = sourcecode.swift; path = ViewController.swift; sourceTree = "<group>"; };
		41A5D83B20E486BB001F81E9 /* Assets.xcassets */ = {isa = PBXFileReference; lastKnownFileType = folder.assetcatalog; path = Assets.xcassets; sourceTree = "<group>"; };
		41A5D83E20E486BB001F81E9 /* Base */ = {isa = PBXFileReference; lastKnownFileType = file.storyboard; name = Base; path = Base.lproj/LaunchScreen.storyboard; sourceTree = "<group>"; };
		41A5D84020E486BB001F81E9 /* Info.plist */ = {isa = PBXFileReference; lastKnownFileType = text.plist.xml; path = Info.plist; sourceTree = "<group>"; };
		41A5D84520E486BB001F81E9 /* IAP_TESTTests.xctest */ = {isa = PBXFileReference; explicitFileType = wrapper.cfbundle; includeInIndex = 0; path = IAP_TESTTests.xctest; sourceTree = BUILT_PRODUCTS_DIR; };
		41A5D84920E486BB001F81E9 /* IAP_TESTTests.swift */ = {isa = PBXFileReference; lastKnownFileType = sourcecode.swift; path = IAP_TESTTests.swift; sourceTree = "<group>"; };
		41A5D84B20E486BB001F81E9 /* Info.plist */ = {isa = PBXFileReference; lastKnownFileType = text.plist.xml; path = Info.plist; sourceTree = "<group>"; };
		41A5D85020E486BB001F81E9 /* IAP_TESTUITests.xctest */ = {isa = PBXFileReference; explicitFileType = wrapper.cfbundle; includeInIndex = 0; path = IAP_TESTUITests.xctest; sourceTree = BUILT_PRODUCTS_DIR; };
		41A5D85420E486BB001F81E9 /* IAP_TESTUITests.swift */ = {isa = PBXFileReference; lastKnownFileType = sourcecode.swift; path = IAP_TESTUITests.swift; sourceTree = "<group>"; };
		41A5D85620E486BB001F81E9 /* Info.plist */ = {isa = PBXFileReference; lastKnownFileType = text.plist.xml; path = Info.plist; sourceTree = "<group>"; };
		41A5D86320E487F9001F81E9 /* Base */ = {isa = PBXFileReference; lastKnownFileType = file.storyboard; name = Base; path = Base.lproj/Main.storyboard; sourceTree = "<group>"; };
		41A5D86D20E4889D001F81E9 /* DetailViewController.swift */ = {isa = PBXFileReference; fileEncoding = 4; lastKnownFileType = sourcecode.swift; path = DetailViewController.swift; sourceTree = "<group>"; };
		41A5D86F20E49B05001F81E9 /* IAPHelper.swift */ = {isa = PBXFileReference; fileEncoding = 4; lastKnownFileType = sourcecode.swift; path = IAPHelper.swift; sourceTree = "<group>"; };
		41A5D87020E49B05001F81E9 /* MasterViewController.swift */ = {isa = PBXFileReference; fileEncoding = 4; lastKnownFileType = sourcecode.swift; path = MasterViewController.swift; sourceTree = "<group>"; };
		41A5D87320E49B16001F81E9 /* ProductCell.swift */ = {isa = PBXFileReference; fileEncoding = 4; lastKnownFileType = sourcecode.swift; path = ProductCell.swift; sourceTree = "<group>"; };
		41A5D87520E49B25001F81E9 /* Products.swift */ = {isa = PBXFileReference; fileEncoding = 4; lastKnownFileType = sourcecode.swift; path = Products.swift; sourceTree = "<group>"; };
		41A5D87820E49D34001F81E9 /* StoreKit.framework */ = {isa = PBXFileReference; lastKnownFileType = wrapper.framework; name = StoreKit.framework; path = System/Library/Frameworks/StoreKit.framework; sourceTree = SDKROOT; };
/* End PBXFileReference section */

/* Begin PBXFrameworksBuildPhase section */
		41A5D82E20E486BA001F81E9 /* Frameworks */ = {
			isa = PBXFrameworksBuildPhase;
			buildActionMask = 2147483647;
			files = (
				41A5D87920E49D34001F81E9 /* StoreKit.framework in Frameworks */,
			);
			runOnlyForDeploymentPostprocessing = 0;
		};
		41A5D84220E486BB001F81E9 /* Frameworks */ = {
			isa = PBXFrameworksBuildPhase;
			buildActionMask = 2147483647;
			files = (
			);
			runOnlyForDeploymentPostprocessing = 0;
		};
		41A5D84D20E486BB001F81E9 /* Frameworks */ = {
			isa = PBXFrameworksBuildPhase;
			buildActionMask = 2147483647;
			files = (
			);
			runOnlyForDeploymentPostprocessing = 0;
		};
/* End PBXFrameworksBuildPhase section */

/* Begin PBXGroup section */
		41A5D82820E486BA001F81E9 = {
			isa = PBXGroup;
			children = (
				41A5D83320E486BA001F81E9 /* IAP_TEST */,
				41A5D84820E486BB001F81E9 /* IAP_TESTTests */,
				41A5D85320E486BB001F81E9 /* IAP_TESTUITests */,
				41A5D83220E486BA001F81E9 /* Products */,
				41A5D87720E49D34001F81E9 /* Frameworks */,
			);
			sourceTree = "<group>";
		};
		41A5D83220E486BA001F81E9 /* Products */ = {
			isa = PBXGroup;
			children = (
				41A5D83120E486BA001F81E9 /* IAP_TEST.app */,
				41A5D84520E486BB001F81E9 /* IAP_TESTTests.xctest */,
				41A5D85020E486BB001F81E9 /* IAP_TESTUITests.xctest */,
			);
			name = Products;
			sourceTree = "<group>";
		};
		41A5D83320E486BA001F81E9 /* IAP_TEST */ = {
			isa = PBXGroup;
			children = (
				41A5D87520E49B25001F81E9 /* Products.swift */,
				41A5D86F20E49B05001F81E9 /* IAPHelper.swift */,
				41A5D87020E49B05001F81E9 /* MasterViewController.swift */,
				41A5D86D20E4889D001F81E9 /* DetailViewController.swift */,
				41A5D87320E49B16001F81E9 /* ProductCell.swift */,
				41A5D86220E487F9001F81E9 /* Main.storyboard */,
				41A5D83420E486BA001F81E9 /* AppDelegate.swift */,
				41A5D83620E486BA001F81E9 /* ViewController.swift */,
				41A5D83B20E486BB001F81E9 /* Assets.xcassets */,
				41A5D83D20E486BB001F81E9 /* LaunchScreen.storyboard */,
				41A5D84020E486BB001F81E9 /* Info.plist */,
			);
			path = IAP_TEST;
			sourceTree = "<group>";
		};
		41A5D84820E486BB001F81E9 /* IAP_TESTTests */ = {
			isa = PBXGroup;
			children = (
				41A5D84920E486BB001F81E9 /* IAP_TESTTests.swift */,
				41A5D84B20E486BB001F81E9 /* Info.plist */,
			);
			path = IAP_TESTTests;
			sourceTree = "<group>";
		};
		41A5D85320E486BB001F81E9 /* IAP_TESTUITests */ = {
			isa = PBXGroup;
			children = (
				41A5D85420E486BB001F81E9 /* IAP_TESTUITests.swift */,
				41A5D85620E486BB001F81E9 /* Info.plist */,
			);
			path = IAP_TESTUITests;
			sourceTree = "<group>";
		};
		41A5D87720E49D34001F81E9 /* Frameworks */ = {
			isa = PBXGroup;
			children = (
				41A5D87820E49D34001F81E9 /* StoreKit.framework */,
			);
			name = Frameworks;
			sourceTree = "<group>";
		};
/* End PBXGroup section */

/* Begin PBXNativeTarget section */
		41A5D83020E486BA001F81E9 /* IAP_TEST */ = {
			isa = PBXNativeTarget;
			buildConfigurationList = 41A5D85920E486BB001F81E9 /* Build configuration list for PBXNativeTarget "IAP_TEST" */;
			buildPhases = (
				41A5D82D20E486BA001F81E9 /* Sources */,
				41A5D82E20E486BA001F81E9 /* Frameworks */,
				41A5D82F20E486BA001F81E9 /* Resources */,
			);
			buildRules = (
			);
			dependencies = (
			);
			name = IAP_TEST;
			productName = IAP_TEST;
			productReference = 41A5D83120E486BA001F81E9 /* IAP_TEST.app */;
			productType = "com.apple.product-type.application";
		};
		41A5D84420E486BB001F81E9 /* IAP_TESTTests */ = {
			isa = PBXNativeTarget;
			buildConfigurationList = 41A5D85C20E486BB001F81E9 /* Build configuration list for PBXNativeTarget "IAP_TESTTests" */;
			buildPhases = (
				41A5D84120E486BB001F81E9 /* Sources */,
				41A5D84220E486BB001F81E9 /* Frameworks */,
				41A5D84320E486BB001F81E9 /* Resources */,
			);
			buildRules = (
			);
			dependencies = (
				41A5D84720E486BB001F81E9 /* PBXTargetDependency */,
			);
			name = IAP_TESTTests;
			productName = IAP_TESTTests;
			productReference = 41A5D84520E486BB001F81E9 /* IAP_TESTTests.xctest */;
			productType = "com.apple.product-type.bundle.unit-test";
		};
		41A5D84F20E486BB001F81E9 /* IAP_TESTUITests */ = {
			isa = PBXNativeTarget;
			buildConfigurationList = 41A5D85F20E486BB001F81E9 /* Build configuration list for PBXNativeTarget "IAP_TESTUITests" */;
			buildPhases = (
				41A5D84C20E486BB001F81E9 /* Sources */,
				41A5D84D20E486BB001F81E9 /* Frameworks */,
				41A5D84E20E486BB001F81E9 /* Resources */,
			);
			buildRules = (
			);
			dependencies = (
				41A5D85220E486BB001F81E9 /* PBXTargetDependency */,
			);
			name = IAP_TESTUITests;
			productName = IAP_TESTUITests;
			productReference = 41A5D85020E486BB001F81E9 /* IAP_TESTUITests.xctest */;
			productType = "com.apple.product-type.bundle.ui-testing";
		};
/* End PBXNativeTarget section */

/* Begin PBXProject section */
		41A5D82920E486BA001F81E9 /* Project object */ = {
			isa = PBXProject;
			attributes = {
				LastSwiftUpdateCheck = 0940;
				LastUpgradeCheck = 0940;
				ORGANIZATIONNAME = "小林 宏知";
				TargetAttributes = {
					41A5D83020E486BA001F81E9 = {
						CreatedOnToolsVersion = 9.4.1;
						SystemCapabilities = {
							com.apple.InAppPurchase = {
								enabled = 1;
							};
						};
					};
					41A5D84420E486BB001F81E9 = {
						CreatedOnToolsVersion = 9.4.1;
						TestTargetID = 41A5D83020E486BA001F81E9;
					};
					41A5D84F20E486BB001F81E9 = {
						CreatedOnToolsVersion = 9.4.1;
						TestTargetID = 41A5D83020E486BA001F81E9;
					};
				};
			};
			buildConfigurationList = 41A5D82C20E486BA001F81E9 /* Build configuration list for PBXProject "IAP_TEST" */;
			compatibilityVersion = "Xcode 9.3";
			developmentRegion = en;
			hasScannedForEncodings = 0;
			knownRegions = (
				en,
				Base,
			);
			mainGroup = 41A5D82820E486BA001F81E9;
			productRefGroup = 41A5D83220E486BA001F81E9 /* Products */;
			projectDirPath = "";
			projectRoot = "";
			targets = (
				41A5D83020E486BA001F81E9 /* IAP_TEST */,
				41A5D84420E486BB001F81E9 /* IAP_TESTTests */,
				41A5D84F20E486BB001F81E9 /* IAP_TESTUITests */,
			);
		};
/* End PBXProject section */

/* Begin PBXResourcesBuildPhase section */
		41A5D82F20E486BA001F81E9 /* Resources */ = {
			isa = PBXResourcesBuildPhase;
			buildActionMask = 2147483647;
			files = (
				41A5D86420E487F9001F81E9 /* Main.storyboard in Resources */,
				41A5D83F20E486BB001F81E9 /* LaunchScreen.storyboard in Resources */,
				41A5D83C20E486BB001F81E9 /* Assets.xcassets in Resources */,
			);
			runOnlyForDeploymentPostprocessing = 0;
		};
		41A5D84320E486BB001F81E9 /* Resources */ = {
			isa = PBXResourcesBuildPhase;
			buildActionMask = 2147483647;
			files = (
			);
			runOnlyForDeploymentPostprocessing = 0;
		};
		41A5D84E20E486BB001F81E9 /* Resources */ = {
			isa = PBXResourcesBuildPhase;
			buildActionMask = 2147483647;
			files = (
			);
			runOnlyForDeploymentPostprocessing = 0;
		};
/* End PBXResourcesBuildPhase section */

/* Begin PBXSourcesBuildPhase section */
		41A5D82D20E486BA001F81E9 /* Sources */ = {
			isa = PBXSourcesBuildPhase;
			buildActionMask = 2147483647;
			files = (
				41A5D87620E49B25001F81E9 /* Products.swift in Sources */,
				41A5D83720E486BA001F81E9 /* ViewController.swift in Sources */,
				41A5D87120E49B05001F81E9 /* IAPHelper.swift in Sources */,
				41A5D87220E49B05001F81E9 /* MasterViewController.swift in Sources */,
				41A5D87420E49B16001F81E9 /* ProductCell.swift in Sources */,
				41A5D83520E486BA001F81E9 /* AppDelegate.swift in Sources */,
				41A5D86E20E4889E001F81E9 /* DetailViewController.swift in Sources */,
			);
			runOnlyForDeploymentPostprocessing = 0;
		};
		41A5D84120E486BB001F81E9 /* Sources */ = {
			isa = PBXSourcesBuildPhase;
			buildActionMask = 2147483647;
			files = (
				41A5D84A20E486BB001F81E9 /* IAP_TESTTests.swift in Sources */,
			);
			runOnlyForDeploymentPostprocessing = 0;
		};
		41A5D84C20E486BB001F81E9 /* Sources */ = {
			isa = PBXSourcesBuildPhase;
			buildActionMask = 2147483647;
			files = (
				41A5D85520E486BB001F81E9 /* IAP_TESTUITests.swift in Sources */,
			);
			runOnlyForDeploymentPostprocessing = 0;
		};
/* End PBXSourcesBuildPhase section */

/* Begin PBXTargetDependency section */
		41A5D84720E486BB001F81E9 /* PBXTargetDependency */ = {
			isa = PBXTargetDependency;
			target = 41A5D83020E486BA001F81E9 /* IAP_TEST */;
			targetProxy = 41A5D84620E486BB001F81E9 /* PBXContainerItemProxy */;
		};
		41A5D85220E486BB001F81E9 /* PBXTargetDependency */ = {
			isa = PBXTargetDependency;
			target = 41A5D83020E486BA001F81E9 /* IAP_TEST */;
			targetProxy = 41A5D85120E486BB001F81E9 /* PBXContainerItemProxy */;
		};
/* End PBXTargetDependency section */

/* Begin PBXVariantGroup section */
		41A5D83D20E486BB001F81E9 /* LaunchScreen.storyboard */ = {
			isa = PBXVariantGroup;
			children = (
				41A5D83E20E486BB001F81E9 /* Base */,
			);
			name = LaunchScreen.storyboard;
			sourceTree = "<group>";
		};
		41A5D86220E487F9001F81E9 /* Main.storyboard */ = {
			isa = PBXVariantGroup;
			children = (
				41A5D86320E487F9001F81E9 /* Base */,
			);
			name = Main.storyboard;
			sourceTree = "<group>";
		};
/* End PBXVariantGroup section */

/* Begin XCBuildConfiguration section */
		41A5D85720E486BB001F81E9 /* Debug */ = {
			isa = XCBuildConfiguration;
			buildSettings = {
				ALWAYS_SEARCH_USER_PATHS = NO;
				CLANG_ANALYZER_NONNULL = YES;
				CLANG_ANALYZER_NUMBER_OBJECT_CONVERSION = YES_AGGRESSIVE;
				CLANG_CXX_LANGUAGE_STANDARD = "gnu++14";
				CLANG_CXX_LIBRARY = "libc++";
				CLANG_ENABLE_MODULES = YES;
				CLANG_ENABLE_OBJC_ARC = YES;
				CLANG_ENABLE_OBJC_WEAK = YES;
				CLANG_WARN_BLOCK_CAPTURE_AUTORELEASING = YES;
				CLANG_WARN_BOOL_CONVERSION = YES;
				CLANG_WARN_COMMA = YES;
				CLANG_WARN_CONSTANT_CONVERSION = YES;
				CLANG_WARN_DEPRECATED_OBJC_IMPLEMENTATIONS = YES;
				CLANG_WARN_DIRECT_OBJC_ISA_USAGE = YES_ERROR;
				CLANG_WARN_DOCUMENTATION_COMMENTS = YES;
				CLANG_WARN_EMPTY_BODY = YES;
				CLANG_WARN_ENUM_CONVERSION = YES;
				CLANG_WARN_INFINITE_RECURSION = YES;
				CLANG_WARN_INT_CONVERSION = YES;
				CLANG_WARN_NON_LITERAL_NULL_CONVERSION = YES;
				CLANG_WARN_OBJC_IMPLICIT_RETAIN_SELF = YES;
				CLANG_WARN_OBJC_LITERAL_CONVERSION = YES;
				CLANG_WARN_OBJC_ROOT_CLASS = YES_ERROR;
				CLANG_WARN_RANGE_LOOP_ANALYSIS = YES;
				CLANG_WARN_STRICT_PROTOTYPES = YES;
				CLANG_WARN_SUSPICIOUS_MOVE = YES;
				CLANG_WARN_UNGUARDED_AVAILABILITY = YES_AGGRESSIVE;
				CLANG_WARN_UNREACHABLE_CODE = YES;
				CLANG_WARN__DUPLICATE_METHOD_MATCH = YES;
				CODE_SIGN_IDENTITY = "iPhone Developer";
				COPY_PHASE_STRIP = NO;
				DEBUG_INFORMATION_FORMAT = dwarf;
				ENABLE_STRICT_OBJC_MSGSEND = YES;
				ENABLE_TESTABILITY = YES;
				GCC_C_LANGUAGE_STANDARD = gnu11;
				GCC_DYNAMIC_NO_PIC = NO;
				GCC_NO_COMMON_BLOCKS = YES;
				GCC_OPTIMIZATION_LEVEL = 0;
				GCC_PREPROCESSOR_DEFINITIONS = (
					"DEBUG=1",
					"$(inherited)",
				);
				GCC_WARN_64_TO_32_BIT_CONVERSION = YES;
				GCC_WARN_ABOUT_RETURN_TYPE = YES_ERROR;
				GCC_WARN_UNDECLARED_SELECTOR = YES;
				GCC_WARN_UNINITIALIZED_AUTOS = YES_AGGRESSIVE;
				GCC_WARN_UNUSED_FUNCTION = YES;
				GCC_WARN_UNUSED_VARIABLE = YES;
				IPHONEOS_DEPLOYMENT_TARGET = 11.4;
				MTL_ENABLE_DEBUG_INFO = YES;
				ONLY_ACTIVE_ARCH = YES;
				SDKROOT = iphoneos;
				SWIFT_ACTIVE_COMPILATION_CONDITIONS = DEBUG;
				SWIFT_OPTIMIZATION_LEVEL = "-Onone";
			};
			name = Debug;
		};
		41A5D85820E486BB001F81E9 /* Release */ = {
			isa = XCBuildConfiguration;
			buildSettings = {
				ALWAYS_SEARCH_USER_PATHS = NO;
				CLANG_ANALYZER_NONNULL = YES;
				CLANG_ANALYZER_NUMBER_OBJECT_CONVERSION = YES_AGGRESSIVE;
				CLANG_CXX_LANGUAGE_STANDARD = "gnu++14";
				CLANG_CXX_LIBRARY = "libc++";
				CLANG_ENABLE_MODULES = YES;
				CLANG_ENABLE_OBJC_ARC = YES;
				CLANG_ENABLE_OBJC_WEAK = YES;
				CLANG_WARN_BLOCK_CAPTURE_AUTORELEASING = YES;
				CLANG_WARN_BOOL_CONVERSION = YES;
				CLANG_WARN_COMMA = YES;
				CLANG_WARN_CONSTANT_CONVERSION = YES;
				CLANG_WARN_DEPRECATED_OBJC_IMPLEMENTATIONS = YES;
				CLANG_WARN_DIRECT_OBJC_ISA_USAGE = YES_ERROR;
				CLANG_WARN_DOCUMENTATION_COMMENTS = YES;
				CLANG_WARN_EMPTY_BODY = YES;
				CLANG_WARN_ENUM_CONVERSION = YES;
				CLANG_WARN_INFINITE_RECURSION = YES;
				CLANG_WARN_INT_CONVERSION = YES;
				CLANG_WARN_NON_LITERAL_NULL_CONVERSION = YES;
				CLANG_WARN_OBJC_IMPLICIT_RETAIN_SELF = YES;
				CLANG_WARN_OBJC_LITERAL_CONVERSION = YES;
				CLANG_WARN_OBJC_ROOT_CLASS = YES_ERROR;
				CLANG_WARN_RANGE_LOOP_ANALYSIS = YES;
				CLANG_WARN_STRICT_PROTOTYPES = YES;
				CLANG_WARN_SUSPICIOUS_MOVE = YES;
				CLANG_WARN_UNGUARDED_AVAILABILITY = YES_AGGRESSIVE;
				CLANG_WARN_UNREACHABLE_CODE = YES;
				CLANG_WARN__DUPLICATE_METHOD_MATCH = YES;
				CODE_SIGN_IDENTITY = "iPhone Developer";
				COPY_PHASE_STRIP = NO;
				DEBUG_INFORMATION_FORMAT = "dwarf-with-dsym";
				ENABLE_NS_ASSERTIONS = NO;
				ENABLE_STRICT_OBJC_MSGSEND = YES;
				GCC_C_LANGUAGE_STANDARD = gnu11;
				GCC_NO_COMMON_BLOCKS = YES;
				GCC_WARN_64_TO_32_BIT_CONVERSION = YES;
				GCC_WARN_ABOUT_RETURN_TYPE = YES_ERROR;
				GCC_WARN_UNDECLARED_SELECTOR = YES;
				GCC_WARN_UNINITIALIZED_AUTOS = YES_AGGRESSIVE;
				GCC_WARN_UNUSED_FUNCTION = YES;
				GCC_WARN_UNUSED_VARIABLE = YES;
				IPHONEOS_DEPLOYMENT_TARGET = 11.4;
				MTL_ENABLE_DEBUG_INFO = NO;
				SDKROOT = iphoneos;
				SWIFT_COMPILATION_MODE = wholemodule;
				SWIFT_OPTIMIZATION_LEVEL = "-O";
				VALIDATE_PRODUCT = YES;
			};
			name = Release;
		};
		41A5D85A20E486BB001F81E9 /* Debug */ = {
			isa = XCBuildConfiguration;
			buildSettings = {
				ASSETCATALOG_COMPILER_APPICON_NAME = AppIcon;
				CODE_SIGN_STYLE = Automatic;
				DEVELOPMENT_TEAM = 2A5V3QY2U2;
				INFOPLIST_FILE = IAP_TEST/Info.plist;
				LD_RUNPATH_SEARCH_PATHS = (
					"$(inherited)",
					"@executable_path/Frameworks",
				);
				PRODUCT_BUNDLE_IDENTIFIER = jp.co.ixit.iap.test;
				PRODUCT_NAME = "$(TARGET_NAME)";
				SWIFT_VERSION = 4.0;
				TARGETED_DEVICE_FAMILY = "1,2";
			};
			name = Debug;
		};
		41A5D85B20E486BB001F81E9 /* Release */ = {
			isa = XCBuildConfiguration;
			buildSettings = {
				ASSETCATALOG_COMPILER_APPICON_NAME = AppIcon;
				CODE_SIGN_STYLE = Automatic;
				DEVELOPMENT_TEAM = 2A5V3QY2U2;
				INFOPLIST_FILE = IAP_TEST/Info.plist;
				LD_RUNPATH_SEARCH_PATHS = (
					"$(inherited)",
					"@executable_path/Frameworks",
				);
				PRODUCT_BUNDLE_IDENTIFIER = jp.co.ixit.iap.test;
				PRODUCT_NAME = "$(TARGET_NAME)";
				SWIFT_VERSION = 4.0;
				TARGETED_DEVICE_FAMILY = "1,2";
			};
			name = Release;
		};
		41A5D85D20E486BB001F81E9 /* Debug */ = {
			isa = XCBuildConfiguration;
			buildSettings = {
				ALWAYS_EMBED_SWIFT_STANDARD_LIBRARIES = YES;
				BUNDLE_LOADER = "$(TEST_HOST)";
				CODE_SIGN_STYLE = Automatic;
				DEVELOPMENT_TEAM = 2FKBKFL6G4;
				INFOPLIST_FILE = IAP_TESTTests/Info.plist;
				LD_RUNPATH_SEARCH_PATHS = (
					"$(inherited)",
					"@executable_path/Frameworks",
					"@loader_path/Frameworks",
				);
				PRODUCT_BUNDLE_IDENTIFIER = "roto.IAP-TESTTests";
				PRODUCT_NAME = "$(TARGET_NAME)";
				SWIFT_VERSION = 4.0;
				TARGETED_DEVICE_FAMILY = "1,2";
				TEST_HOST = "$(BUILT_PRODUCTS_DIR)/IAP_TEST.app/IAP_TEST";
			};
			name = Debug;
		};
		41A5D85E20E486BB001F81E9 /* Release */ = {
			isa = XCBuildConfiguration;
			buildSettings = {
				ALWAYS_EMBED_SWIFT_STANDARD_LIBRARIES = YES;
				BUNDLE_LOADER = "$(TEST_HOST)";
				CODE_SIGN_STYLE = Automatic;
				DEVELOPMENT_TEAM = 2FKBKFL6G4;
				INFOPLIST_FILE = IAP_TESTTests/Info.plist;
				LD_RUNPATH_SEARCH_PATHS = (
					"$(inherited)",
					"@executable_path/Frameworks",
					"@loader_path/Frameworks",
				);
				PRODUCT_BUNDLE_IDENTIFIER = "roto.IAP-TESTTests";
				PRODUCT_NAME = "$(TARGET_NAME)";
				SWIFT_VERSION = 4.0;
				TARGETED_DEVICE_FAMILY = "1,2";
				TEST_HOST = "$(BUILT_PRODUCTS_DIR)/IAP_TEST.app/IAP_TEST";
			};
			name = Release;
		};
		41A5D86020E486BB001F81E9 /* Debug */ = {
			isa = XCBuildConfiguration;
			buildSettings = {
				ALWAYS_EMBED_SWIFT_STANDARD_LIBRARIES = YES;
				CODE_SIGN_STYLE = Automatic;
				DEVELOPMENT_TEAM = 2FKBKFL6G4;
				INFOPLIST_FILE = IAP_TESTUITests/Info.plist;
				LD_RUNPATH_SEARCH_PATHS = (
					"$(inherited)",
					"@executable_path/Frameworks",
					"@loader_path/Frameworks",
				);
				PRODUCT_BUNDLE_IDENTIFIER = "roto.IAP-TESTUITests";
				PRODUCT_NAME = "$(TARGET_NAME)";
				SWIFT_VERSION = 4.0;
				TARGETED_DEVICE_FAMILY = "1,2";
				TEST_TARGET_NAME = IAP_TEST;
			};
			name = Debug;
		};
		41A5D86120E486BB001F81E9 /* Release */ = {
			isa = XCBuildConfiguration;
			buildSettings = {
				ALWAYS_EMBED_SWIFT_STANDARD_LIBRARIES = YES;
				CODE_SIGN_STYLE = Automatic;
				DEVELOPMENT_TEAM = 2FKBKFL6G4;
				INFOPLIST_FILE = IAP_TESTUITests/Info.plist;
				LD_RUNPATH_SEARCH_PATHS = (
					"$(inherited)",
					"@executable_path/Frameworks",
					"@loader_path/Frameworks",
				);
				PRODUCT_BUNDLE_IDENTIFIER = "roto.IAP-TESTUITests";
				PRODUCT_NAME = "$(TARGET_NAME)";
				SWIFT_VERSION = 4.0;
				TARGETED_DEVICE_FAMILY = "1,2";
				TEST_TARGET_NAME = IAP_TEST;
			};
			name = Release;
		};
/* End XCBuildConfiguration section */

/* Begin XCConfigurationList section */
		41A5D82C20E486BA001F81E9 /* Build configuration list for PBXProject "IAP_TEST" */ = {
			isa = XCConfigurationList;
			buildConfigurations = (
				41A5D85720E486BB001F81E9 /* Debug */,
				41A5D85820E486BB001F81E9 /* Release */,
			);
			defaultConfigurationIsVisible = 0;
			defaultConfigurationName = Release;
		};
		41A5D85920E486BB001F81E9 /* Build configuration list for PBXNativeTarget "IAP_TEST" */ = {
			isa = XCConfigurationList;
			buildConfigurations = (
				41A5D85A20E486BB001F81E9 /* Debug */,
				41A5D85B20E486BB001F81E9 /* Release */,
			);
			defaultConfigurationIsVisible = 0;
			defaultConfigurationName = Release;
		};
		41A5D85C20E486BB001F81E9 /* Build configuration list for PBXNativeTarget "IAP_TESTTests" */ = {
			isa = XCConfigurationList;
			buildConfigurations = (
				41A5D85D20E486BB001F81E9 /* Debug */,
				41A5D85E20E486BB001F81E9 /* Release */,
			);
			defaultConfigurationIsVisible = 0;
			defaultConfigurationName = Release;
		};
		41A5D85F20E486BB001F81E9 /* Build configuration list for PBXNativeTarget "IAP_TESTUITests" */ = {
			isa = XCConfigurationList;
			buildConfigurations = (
				41A5D86020E486BB001F81E9 /* Debug */,
				41A5D86120E486BB001F81E9 /* Release */,
			);
			defaultConfigurationIsVisible = 0;
			defaultConfigurationName = Release;
		};
/* End XCConfigurationList section */
	};
	rootObject = 41A5D82920E486BA001F81E9 /* Project object */;
}
